
Microsoft Visual Studio Solution File, Format Version 12.00
# Visual Studio Version 16
VisualStudioVersion = 16.0.30104.148
MinimumVisualStudioVersion = 10.0.40219.1
Project("{FAE04EC0-301F-11D3-BF4B-00C04F79EFBC}") = "WindowsFormsApp1", "WindowsFormsApp1\WindowsFormsApp1.csproj", "{974DC40B-022F-4BEE-B789-35CAD2F13B26}"
EndProject
Global
	GlobalSection(SolutionConfigurationPlatforms) = preSolution
		Debug|Any CPU = Debug|Any CPU
		Release|Any CPU = Release|Any CPU
	EndGlobalSection
	GlobalSection(ProjectConfigurationPlatforms) = postSolution
		{974DC40B-022F-4BEE-B789-35CAD2F13B26}.Debug|Any CPU.ActiveCfg = Debug|Any CPU
		{974DC40B-022F-4BEE-B789-35CAD2F13B26}.Debug|Any CPU.Build.0 = Debug|Any CPU
		{974DC40B-022F-4BEE-B789-35CAD2F13B26}.Release|Any CPU.ActiveCfg = Release|Any CPU
		{974DC40B-022F-4BEE-B789-35CAD2F13B26}.Release|Any CPU.Build.0 = Release|Any CPU
	EndGlobalSection
	GlobalSection(SolutionProperties) = preSolution
		HideSolutionNode = FALSE
	EndGlobalSection
	GlobalSection(ExtensibilityGlobals) = postSolution
		SolutionGuid = {DB9E1614-B643-450C-AA24-3A84A11739A8}
	EndGlobalSection
EndGlobal
